{
    "_meta": {
        "hash": {
            "sha256": "2969da49d42908416e4bf97b5347926df0e4541d9a56a5b4e004a0efe46a3f2d"
        },
        "host-environment-markers": {
            "implementation_name": "cpython",
            "implementation_version": "3.6.4",
            "os_name": "posix",
            "platform_machine": "x86_64",
            "platform_python_implementation": "CPython",
            "platform_release": "17.3.0",
            "platform_system": "Darwin",
            "platform_version": "Darwin Kernel Version 17.3.0: Thu Nov  9 18:09:22 PST 2017; root:xnu-4570.31.3~1/RELEASE_X86_64",
            "python_full_version": "3.6.4",
            "python_version": "3.6",
            "sys_platform": "darwin"
        },
        "pipfile-spec": 6,
        "requires": {
            "python_version": "3.6"
        },
        "sources": [
            {
                "name": "pypi",
                "url": "https://pypi.python.org/simple",
                "verify_ssl": true
            }
        ]
    },
    "default": {
        "youtube-dl": {
            "hashes": [
                "sha256:de9967ed2dcfef1bbce66165f7636573a6825dd49ca9a08127179fd421ac8a33",
                "sha256:94fd80f8a12baa8ae9614b4d3c447687ae96baf2c18dd69cb07483850164e880"
            ],
            "version": "==2018.1.18"
        }
    },
    "develop": {}
}
